
Microsoft Visual Studio Solution File, Format Version 12.00
# Visual Studio Version 17
VisualStudioVersion = 17.9.34616.47
MinimumVisualStudioVersion = 10.0.40219.1
Project("{9A19103F-16F7-4668-BE54-9A1E7A4F7556}") = "Lab1", "Lab1\Lab1.csproj", "{61AC7071-BE1E-4742-AC06-1F5E5FCE399F}"
EndProject
Project("{FAE04EC0-301F-11D3-BF4B-00C04F79EFBC}") = "Lab2", "Lab2\Lab2.csproj", "{D803A4ED-5ACC-4F17-848B-82B7700D0A36}"
EndProject
Project("{FAE04EC0-301F-11D3-BF4B-00C04F79EFBC}") = "Lab3", "Lab3\Lab3.csproj", "{94CEC89C-D600-4FCB-9B18-7CBABC9342DA}"
EndProject
Project("{FAE04EC0-301F-11D3-BF4B-00C04F79EFBC}") = "Lab4_Bai01", "Lab4_Bai01\Lab4_Bai01.csproj", "{59D5DC63-22C1-4626-BF2B-D787A47A96A2}"
EndProject
Project("{FAE04EC0-301F-11D3-BF4B-00C04F79EFBC}") = "Lab4_Bai02", "Lab4_Bai02\Lab4_Bai02.csproj", "{AE737596-4AE0-4443-866C-6DE4F905943E}"
EndProject
Project("{FAE04EC0-301F-11D3-BF4B-00C04F79EFBC}") = "Lab4_Bai03", "Lab4_Bai03\Lab4_Bai03.csproj", "{AF1C91AB-BEEC-4510-AE08-481B49AA7356}"
EndProject
Project("{FAE04EC0-301F-11D3-BF4B-00C04F79EFBC}") = "Lab4_Bai04", "Lab4_Bai04\Lab4_Bai04.csproj", "{1BD34AB0-B63A-4D62-B7D0-DB7476B92787}"
EndProject
Project("{FAE04EC0-301F-11D3-BF4B-00C04F79EFBC}") = "Lab4_Bai05", "Lab4_Bai05\Lab4_Bai05.csproj", "{EDA51C8C-EF9F-44D3-B6A5-9D9651C004BE}"
EndProject
Project("{FAE04EC0-301F-11D3-BF4B-00C04F79EFBC}") = "Lab4_Bai06", "Lab4_Bai06\Lab4_Bai06.csproj", "{A2E00491-DBA0-4B6A-9952-3D0DBB98A228}"
EndProject
Global
	GlobalSection(SolutionConfigurationPlatforms) = preSolution
		Debug|Any CPU = Debug|Any CPU
		Release|Any CPU = Release|Any CPU
	EndGlobalSection
	GlobalSection(ProjectConfigurationPlatforms) = postSolution
		{61AC7071-BE1E-4742-AC06-1F5E5FCE399F}.Debug|Any CPU.ActiveCfg = Debug|Any CPU
		{61AC7071-BE1E-4742-AC06-1F5E5FCE399F}.Debug|Any CPU.Build.0 = Debug|Any CPU
		{61AC7071-BE1E-4742-AC06-1F5E5FCE399F}.Release|Any CPU.ActiveCfg = Release|Any CPU
		{61AC7071-BE1E-4742-AC06-1F5E5FCE399F}.Release|Any CPU.Build.0 = Release|Any CPU
		{D803A4ED-5ACC-4F17-848B-82B7700D0A36}.Debug|Any CPU.ActiveCfg = Debug|Any CPU
		{D803A4ED-5ACC-4F17-848B-82B7700D0A36}.Debug|Any CPU.Build.0 = Debug|Any CPU
		{D803A4ED-5ACC-4F17-848B-82B7700D0A36}.Release|Any CPU.ActiveCfg = Release|Any CPU
		{D803A4ED-5ACC-4F17-848B-82B7700D0A36}.Release|Any CPU.Build.0 = Release|Any CPU
		{94CEC89C-D600-4FCB-9B18-7CBABC9342DA}.Debug|Any CPU.ActiveCfg = Debug|Any CPU
		{94CEC89C-D600-4FCB-9B18-7CBABC9342DA}.Debug|Any CPU.Build.0 = Debug|Any CPU
		{94CEC89C-D600-4FCB-9B18-7CBABC9342DA}.Release|Any CPU.ActiveCfg = Release|Any CPU
		{94CEC89C-D600-4FCB-9B18-7CBABC9342DA}.Release|Any CPU.Build.0 = Release|Any CPU
		{59D5DC63-22C1-4626-BF2B-D787A47A96A2}.Debug|Any CPU.ActiveCfg = Debug|Any CPU
		{59D5DC63-22C1-4626-BF2B-D787A47A96A2}.Debug|Any CPU.Build.0 = Debug|Any CPU
		{59D5DC63-22C1-4626-BF2B-D787A47A96A2}.Release|Any CPU.ActiveCfg = Release|Any CPU
		{59D5DC63-22C1-4626-BF2B-D787A47A96A2}.Release|Any CPU.Build.0 = Release|Any CPU
		{AE737596-4AE0-4443-866C-6DE4F905943E}.Debug|Any CPU.ActiveCfg = Debug|Any CPU
		{AE737596-4AE0-4443-866C-6DE4F905943E}.Debug|Any CPU.Build.0 = Debug|Any CPU
		{AE737596-4AE0-4443-866C-6DE4F905943E}.Release|Any CPU.ActiveCfg = Release|Any CPU
		{AE737596-4AE0-4443-866C-6DE4F905943E}.Release|Any CPU.Build.0 = Release|Any CPU
		{AF1C91AB-BEEC-4510-AE08-481B49AA7356}.Debug|Any CPU.ActiveCfg = Debug|Any CPU
		{AF1C91AB-BEEC-4510-AE08-481B49AA7356}.Debug|Any CPU.Build.0 = Debug|Any CPU
		{AF1C91AB-BEEC-4510-AE08-481B49AA7356}.Release|Any CPU.ActiveCfg = Release|Any CPU
		{AF1C91AB-BEEC-4510-AE08-481B49AA7356}.Release|Any CPU.Build.0 = Release|Any CPU
		{1BD34AB0-B63A-4D62-B7D0-DB7476B92787}.Debug|Any CPU.ActiveCfg = Debug|Any CPU
		{1BD34AB0-B63A-4D62-B7D0-DB7476B92787}.Debug|Any CPU.Build.0 = Debug|Any CPU
		{1BD34AB0-B63A-4D62-B7D0-DB7476B92787}.Release|Any CPU.ActiveCfg = Release|Any CPU
		{1BD34AB0-B63A-4D62-B7D0-DB7476B92787}.Release|Any CPU.Build.0 = Release|Any CPU
		{EDA51C8C-EF9F-44D3-B6A5-9D9651C004BE}.Debug|Any CPU.ActiveCfg = Debug|Any CPU
		{EDA51C8C-EF9F-44D3-B6A5-9D9651C004BE}.Debug|Any CPU.Build.0 = Debug|Any CPU
		{EDA51C8C-EF9F-44D3-B6A5-9D9651C004BE}.Release|Any CPU.ActiveCfg = Release|Any CPU
		{EDA51C8C-EF9F-44D3-B6A5-9D9651C004BE}.Release|Any CPU.Build.0 = Release|Any CPU
		{A2E00491-DBA0-4B6A-9952-3D0DBB98A228}.Debug|Any CPU.ActiveCfg = Debug|Any CPU
		{A2E00491-DBA0-4B6A-9952-3D0DBB98A228}.Debug|Any CPU.Build.0 = Debug|Any CPU
		{A2E00491-DBA0-4B6A-9952-3D0DBB98A228}.Release|Any CPU.ActiveCfg = Release|Any CPU
		{A2E00491-DBA0-4B6A-9952-3D0DBB98A228}.Release|Any CPU.Build.0 = Release|Any CPU
	EndGlobalSection
	GlobalSection(SolutionProperties) = preSolution
		HideSolutionNode = FALSE
	EndGlobalSection
	GlobalSection(ExtensibilityGlobals) = postSolution
		SolutionGuid = {A58FC96A-5BCC-46CA-8367-EFFD3147104A}
	EndGlobalSection
EndGlobal
