
Microsoft Visual Studio Solution File, Format Version 12.00
# Visual Studio Version 17
VisualStudioVersion = 17.9.34616.47
MinimumVisualStudioVersion = 10.0.40219.1
Project("{9A19103F-16F7-4668-BE54-9A1E7A4F7556}") = "Lab1", "Lab1\Lab1.csproj", "{61AC7071-BE1E-4742-AC06-1F5E5FCE399F}"
EndProject
Project("{FAE04EC0-301F-11D3-BF4B-00C04F79EFBC}") = "Lab2", "Lab2\Lab2.csproj", "{D803A4ED-5ACC-4F17-848B-82B7700D0A36}"
EndProject
Project("{FAE04EC0-301F-11D3-BF4B-00C04F79EFBC}") = "Lab3_Bai01", "Lab3\Lab3_Bai01.csproj", "{94CEC89C-D600-4FCB-9B18-7CBABC9342DA}"
EndProject
Project("{FAE04EC0-301F-11D3-BF4B-00C04F79EFBC}") = "Lab3_Bai02", "Lab3_Bai02\Lab3_Bai02.csproj", "{E0BFB2CD-D224-4300-A247-F591A067CFE1}"
EndProject
Project("{FAE04EC0-301F-11D3-BF4B-00C04F79EFBC}") = "Lab3_Bai03", "Lab3_Bai03\Lab3_Bai03.csproj", "{42EDA5E8-63BF-40FF-8AD5-B09C0EF5117F}"
EndProject
Global
	GlobalSection(SolutionConfigurationPlatforms) = preSolution
		Debug|Any CPU = Debug|Any CPU
		Release|Any CPU = Release|Any CPU
	EndGlobalSection
	GlobalSection(ProjectConfigurationPlatforms) = postSolution
		{61AC7071-BE1E-4742-AC06-1F5E5FCE399F}.Debug|Any CPU.ActiveCfg = Debug|Any CPU
		{61AC7071-BE1E-4742-AC06-1F5E5FCE399F}.Debug|Any CPU.Build.0 = Debug|Any CPU
		{61AC7071-BE1E-4742-AC06-1F5E5FCE399F}.Release|Any CPU.ActiveCfg = Release|Any CPU
		{61AC7071-BE1E-4742-AC06-1F5E5FCE399F}.Release|Any CPU.Build.0 = Release|Any CPU
		{D803A4ED-5ACC-4F17-848B-82B7700D0A36}.Debug|Any CPU.ActiveCfg = Debug|Any CPU
		{D803A4ED-5ACC-4F17-848B-82B7700D0A36}.Debug|Any CPU.Build.0 = Debug|Any CPU
		{D803A4ED-5ACC-4F17-848B-82B7700D0A36}.Release|Any CPU.ActiveCfg = Release|Any CPU
		{D803A4ED-5ACC-4F17-848B-82B7700D0A36}.Release|Any CPU.Build.0 = Release|Any CPU
		{94CEC89C-D600-4FCB-9B18-7CBABC9342DA}.Debug|Any CPU.ActiveCfg = Debug|Any CPU
		{94CEC89C-D600-4FCB-9B18-7CBABC9342DA}.Debug|Any CPU.Build.0 = Debug|Any CPU
		{94CEC89C-D600-4FCB-9B18-7CBABC9342DA}.Release|Any CPU.ActiveCfg = Release|Any CPU
		{94CEC89C-D600-4FCB-9B18-7CBABC9342DA}.Release|Any CPU.Build.0 = Release|Any CPU
		{E0BFB2CD-D224-4300-A247-F591A067CFE1}.Debug|Any CPU.ActiveCfg = Debug|Any CPU
		{E0BFB2CD-D224-4300-A247-F591A067CFE1}.Debug|Any CPU.Build.0 = Debug|Any CPU
		{E0BFB2CD-D224-4300-A247-F591A067CFE1}.Release|Any CPU.ActiveCfg = Release|Any CPU
		{E0BFB2CD-D224-4300-A247-F591A067CFE1}.Release|Any CPU.Build.0 = Release|Any CPU
		{42EDA5E8-63BF-40FF-8AD5-B09C0EF5117F}.Debug|Any CPU.ActiveCfg = Debug|Any CPU
		{42EDA5E8-63BF-40FF-8AD5-B09C0EF5117F}.Debug|Any CPU.Build.0 = Debug|Any CPU
		{42EDA5E8-63BF-40FF-8AD5-B09C0EF5117F}.Release|Any CPU.ActiveCfg = Release|Any CPU
		{42EDA5E8-63BF-40FF-8AD5-B09C0EF5117F}.Release|Any CPU.Build.0 = Release|Any CPU
	EndGlobalSection
	GlobalSection(SolutionProperties) = preSolution
		HideSolutionNode = FALSE
	EndGlobalSection
	GlobalSection(ExtensibilityGlobals) = postSolution
		SolutionGuid = {A58FC96A-5BCC-46CA-8367-EFFD3147104A}
	EndGlobalSection
EndGlobal
